
Microsoft Visual Studio Solution File, Format Version 12.00
# Visual Studio Version 17
VisualStudioVersion = 17.4.33213.308
MinimumVisualStudioVersion = 10.0.40219.1
Project("{FAE04EC0-301F-11D3-BF4B-00C04F79EFBC}") = "EloPic4", "EloPic4\EloPic4.csproj", "{F9F867D1-7AA4-48A0-8717-1104BB0F70FB}"
EndProject
Global
	GlobalSection(SolutionConfigurationPlatforms) = preSolution
		Debug|Any CPU = Debug|Any CPU
		Release|Any CPU = Release|Any CPU
	EndGlobalSection
	GlobalSection(ProjectConfigurationPlatforms) = postSolution
		{F9F867D1-7AA4-48A0-8717-1104BB0F70FB}.Debug|Any CPU.ActiveCfg = Debug|Any CPU
		{F9F867D1-7AA4-48A0-8717-1104BB0F70FB}.Debug|Any CPU.Build.0 = Debug|Any CPU
		{F9F867D1-7AA4-48A0-8717-1104BB0F70FB}.Release|Any CPU.ActiveCfg = Release|Any CPU
		{F9F867D1-7AA4-48A0-8717-1104BB0F70FB}.Release|Any CPU.Build.0 = Release|Any CPU
	EndGlobalSection
	GlobalSection(SolutionProperties) = preSolution
		HideSolutionNode = FALSE
	EndGlobalSection
	GlobalSection(ExtensibilityGlobals) = postSolution
		SolutionGuid = {45F69975-7E0E-4364-9269-2B8FAB1B803A}
	EndGlobalSection
EndGlobal
