
Microsoft Visual Studio Solution File, Format Version 12.00
# Visual Studio Version 17
VisualStudioVersion = 17.4.33213.308
MinimumVisualStudioVersion = 10.0.40219.1
Project("{FAE04EC0-301F-11D3-BF4B-00C04F79EFBC}") = "EloPic3", "EloPic3\EloPic3.csproj", "{A1C31BD8-7BF4-4125-8428-934E5AA7FE3E}"
EndProject
Global
	GlobalSection(SolutionConfigurationPlatforms) = preSolution
		Debug|Any CPU = Debug|Any CPU
		Release|Any CPU = Release|Any CPU
	EndGlobalSection
	GlobalSection(ProjectConfigurationPlatforms) = postSolution
		{A1C31BD8-7BF4-4125-8428-934E5AA7FE3E}.Debug|Any CPU.ActiveCfg = Debug|Any CPU
		{A1C31BD8-7BF4-4125-8428-934E5AA7FE3E}.Debug|Any CPU.Build.0 = Debug|Any CPU
		{A1C31BD8-7BF4-4125-8428-934E5AA7FE3E}.Release|Any CPU.ActiveCfg = Release|Any CPU
		{A1C31BD8-7BF4-4125-8428-934E5AA7FE3E}.Release|Any CPU.Build.0 = Release|Any CPU
	EndGlobalSection
	GlobalSection(SolutionProperties) = preSolution
		HideSolutionNode = FALSE
	EndGlobalSection
	GlobalSection(ExtensibilityGlobals) = postSolution
		SolutionGuid = {46513EB0-28FD-4D90-9EE6-1BDA6E0EA55A}
	EndGlobalSection
EndGlobal
